
Microsoft Visual Studio Solution File, Format Version 12.00
# Visual Studio Version 18
VisualStudioVersion = 18.2.11415.280
MinimumVisualStudioVersion = 10.0.40219.1
Project("{FAE04EC0-301F-11D3-BF4B-00C04F79EFBC}") = "Gzzz.Server.Services", "Gzzz.Server.Services\Gzzz.Server.Services.csproj", "{9EBF8B74-FAA0-49CB-97E3-CEAE0311C92C}"
EndProject
Project("{2150E333-8FDC-42A3-9474-1A3956D46DE8}") = "Solution Items", "Solution Items", "{C8D5274F-AC00-46C7-1F8D-E88E81087A52}"
	ProjectSection(SolutionItems) = preProject
		.editorconfig = .editorconfig
	EndProjectSection
EndProject
Project("{2150E333-8FDC-42A3-9474-1A3956D46DE8}") = "Tests", "Tests", "{EFFEA399-5BC3-41E0-8613-941EC4E028D6}"
EndProject
Project("{FAE04EC0-301F-11D3-BF4B-00C04F79EFBC}") = "Gzzz.CommandInvoker.Tests", "Tests\Gzzz.CommandInvoker.Tests\Gzzz.CommandInvoker.Tests.csproj", "{723D3A2F-E7CF-BA62-6E95-9034F43CD5D2}"
EndProject
Project("{FAE04EC0-301F-11D3-BF4B-00C04F79EFBC}") = "Gzzz.Server.Services.Tests", "Tests\Gzzz.Server.Services.Tests\Gzzz.Server.Services.Tests.csproj", "{1514A874-110F-0243-6B47-E465BBC97214}"
EndProject
Project("{FAE04EC0-301F-11D3-BF4B-00C04F79EFBC}") = "Gzzz.AwsFunctionUrlInvoker", "Gzzz.AwsFunctionUrlInvoker\Gzzz.AwsFunctionUrlInvoker.csproj", "{77FFD6AB-337E-315F-AFEC-493E94D719B1}"
EndProject
Project("{FAE04EC0-301F-11D3-BF4B-00C04F79EFBC}") = "Gzzz.CommandInvoker", "Gzzz.CommandInvoker\Gzzz.CommandInvoker.csproj", "{3308E5AC-7260-FB32-E317-7E815254E629}"
EndProject
Project("{FAE04EC0-301F-11D3-BF4B-00C04F79EFBC}") = "ConsoleApp1", "Tests\ConsoleApp1\ConsoleApp1.csproj", "{4B6917F4-00A7-F2AA-BB00-881058DF489B}"
EndProject
Project("{FAE04EC0-301F-11D3-BF4B-00C04F79EFBC}") = "Project1", "Project1\Project1.csproj", "{836E8338-EB20-C0C5-33B3-EB9D83DFD68E}"
EndProject
Project("{FAE04EC0-301F-11D3-BF4B-00C04F79EFBC}") = "Gzzz.Server.Base", "Gzzz.Server.Base\Gzzz.Server.Base.csproj", "{004AF325-ADF3-81BA-2F52-04130F0B25EB}"
EndProject
Project("{FAE04EC0-301F-11D3-BF4B-00C04F79EFBC}") = "Gzzz.AwsFunctionUrlInvoker.Test", "Gzzz.AwsFunctionUrlInvoker.Test\Gzzz.AwsFunctionUrlInvoker.Test.csproj", "{A1031636-14C8-4414-9EEC-56CAFC12B6C9}"
EndProject
Global
	GlobalSection(SolutionConfigurationPlatforms) = preSolution
		Debug|Any CPU = Debug|Any CPU
		Release|Any CPU = Release|Any CPU
	EndGlobalSection
	GlobalSection(ProjectConfigurationPlatforms) = postSolution
		{9EBF8B74-FAA0-49CB-97E3-CEAE0311C92C}.Debug|Any CPU.ActiveCfg = Debug|Any CPU
		{9EBF8B74-FAA0-49CB-97E3-CEAE0311C92C}.Debug|Any CPU.Build.0 = Debug|Any CPU
		{9EBF8B74-FAA0-49CB-97E3-CEAE0311C92C}.Release|Any CPU.ActiveCfg = Release|Any CPU
		{9EBF8B74-FAA0-49CB-97E3-CEAE0311C92C}.Release|Any CPU.Build.0 = Release|Any CPU
		{723D3A2F-E7CF-BA62-6E95-9034F43CD5D2}.Debug|Any CPU.ActiveCfg = Debug|Any CPU
		{723D3A2F-E7CF-BA62-6E95-9034F43CD5D2}.Debug|Any CPU.Build.0 = Debug|Any CPU
		{723D3A2F-E7CF-BA62-6E95-9034F43CD5D2}.Release|Any CPU.ActiveCfg = Release|Any CPU
		{723D3A2F-E7CF-BA62-6E95-9034F43CD5D2}.Release|Any CPU.Build.0 = Release|Any CPU
		{1514A874-110F-0243-6B47-E465BBC97214}.Debug|Any CPU.ActiveCfg = Debug|Any CPU
		{1514A874-110F-0243-6B47-E465BBC97214}.Debug|Any CPU.Build.0 = Debug|Any CPU
		{1514A874-110F-0243-6B47-E465BBC97214}.Release|Any CPU.ActiveCfg = Release|Any CPU
		{1514A874-110F-0243-6B47-E465BBC97214}.Release|Any CPU.Build.0 = Release|Any CPU
		{77FFD6AB-337E-315F-AFEC-493E94D719B1}.Debug|Any CPU.ActiveCfg = Debug|Any CPU
		{77FFD6AB-337E-315F-AFEC-493E94D719B1}.Debug|Any CPU.Build.0 = Debug|Any CPU
		{77FFD6AB-337E-315F-AFEC-493E94D719B1}.Release|Any CPU.ActiveCfg = Release|Any CPU
		{77FFD6AB-337E-315F-AFEC-493E94D719B1}.Release|Any CPU.Build.0 = Release|Any CPU
		{3308E5AC-7260-FB32-E317-7E815254E629}.Debug|Any CPU.ActiveCfg = Debug|Any CPU
		{3308E5AC-7260-FB32-E317-7E815254E629}.Debug|Any CPU.Build.0 = Debug|Any CPU
		{3308E5AC-7260-FB32-E317-7E815254E629}.Release|Any CPU.ActiveCfg = Release|Any CPU
		{3308E5AC-7260-FB32-E317-7E815254E629}.Release|Any CPU.Build.0 = Release|Any CPU
		{4B6917F4-00A7-F2AA-BB00-881058DF489B}.Debug|Any CPU.ActiveCfg = Debug|Any CPU
		{4B6917F4-00A7-F2AA-BB00-881058DF489B}.Debug|Any CPU.Build.0 = Debug|Any CPU
		{4B6917F4-00A7-F2AA-BB00-881058DF489B}.Release|Any CPU.ActiveCfg = Release|Any CPU
		{4B6917F4-00A7-F2AA-BB00-881058DF489B}.Release|Any CPU.Build.0 = Release|Any CPU
		{836E8338-EB20-C0C5-33B3-EB9D83DFD68E}.Debug|Any CPU.ActiveCfg = Debug|Any CPU
		{836E8338-EB20-C0C5-33B3-EB9D83DFD68E}.Debug|Any CPU.Build.0 = Debug|Any CPU
		{836E8338-EB20-C0C5-33B3-EB9D83DFD68E}.Release|Any CPU.ActiveCfg = Release|Any CPU
		{836E8338-EB20-C0C5-33B3-EB9D83DFD68E}.Release|Any CPU.Build.0 = Release|Any CPU
		{004AF325-ADF3-81BA-2F52-04130F0B25EB}.Debug|Any CPU.ActiveCfg = Debug|Any CPU
		{004AF325-ADF3-81BA-2F52-04130F0B25EB}.Debug|Any CPU.Build.0 = Debug|Any CPU
		{004AF325-ADF3-81BA-2F52-04130F0B25EB}.Release|Any CPU.ActiveCfg = Release|Any CPU
		{004AF325-ADF3-81BA-2F52-04130F0B25EB}.Release|Any CPU.Build.0 = Release|Any CPU
		{A1031636-14C8-4414-9EEC-56CAFC12B6C9}.Debug|Any CPU.ActiveCfg = Debug|Any CPU
		{A1031636-14C8-4414-9EEC-56CAFC12B6C9}.Debug|Any CPU.Build.0 = Debug|Any CPU
		{A1031636-14C8-4414-9EEC-56CAFC12B6C9}.Release|Any CPU.ActiveCfg = Release|Any CPU
		{A1031636-14C8-4414-9EEC-56CAFC12B6C9}.Release|Any CPU.Build.0 = Release|Any CPU
	EndGlobalSection
	GlobalSection(SolutionProperties) = preSolution
		HideSolutionNode = FALSE
	EndGlobalSection
	GlobalSection(NestedProjects) = preSolution
		{723D3A2F-E7CF-BA62-6E95-9034F43CD5D2} = {EFFEA399-5BC3-41E0-8613-941EC4E028D6}
		{1514A874-110F-0243-6B47-E465BBC97214} = {EFFEA399-5BC3-41E0-8613-941EC4E028D6}
		{A1031636-14C8-4414-9EEC-56CAFC12B6C9} = {EFFEA399-5BC3-41E0-8613-941EC4E028D6}
	EndGlobalSection
	GlobalSection(ExtensibilityGlobals) = postSolution
		SolutionGuid = {811D32DD-AC7E-4173-858E-379A35D665AE}
	EndGlobalSection
EndGlobal
