
Microsoft Visual Studio Solution File, Format Version 12.00
# Visual Studio Version 17
VisualStudioVersion = 17.14.36401.2
MinimumVisualStudioVersion = 10.0.40219.1
Project("{FAE04EC0-301F-11D3-BF4B-00C04F79EFBC}") = "Gzzz.Server.Shared", "Gzzz.Server.Shared\Gzzz.Server.Shared.csproj", "{9EBF8B74-FAA0-49CB-97E3-CEAE0311C92C}"
EndProject
Project("{FAE04EC0-301F-11D3-BF4B-00C04F79EFBC}") = "Gzzz.Server.Shared.Tests", "Gzzz.Server.Shared.Tests\Gzzz.Server.Shared.Tests.csproj", "{4361A4BF-557A-4A8D-AEDE-2AD591ABA155}"
EndProject
Project("{2150E333-8FDC-42A3-9474-1A3956D46DE8}") = "Solution Items", "Solution Items", "{C8D5274F-AC00-46C7-1F8D-E88E81087A52}"
	ProjectSection(SolutionItems) = preProject
		.editorconfig = .editorconfig
	EndProjectSection
EndProject
Project("{FAE04EC0-301F-11D3-BF4B-00C04F79EFBC}") = "ConsoleApp1", "ConsoleApp1\ConsoleApp1.csproj", "{5B68813F-23C2-8DF2-1B1F-9033A2893F62}"
EndProject
Global
	GlobalSection(SolutionConfigurationPlatforms) = preSolution
		Debug|Any CPU = Debug|Any CPU
		Release|Any CPU = Release|Any CPU
	EndGlobalSection
	GlobalSection(ProjectConfigurationPlatforms) = postSolution
		{9EBF8B74-FAA0-49CB-97E3-CEAE0311C92C}.Debug|Any CPU.ActiveCfg = Debug|Any CPU
		{9EBF8B74-FAA0-49CB-97E3-CEAE0311C92C}.Debug|Any CPU.Build.0 = Debug|Any CPU
		{9EBF8B74-FAA0-49CB-97E3-CEAE0311C92C}.Release|Any CPU.ActiveCfg = Release|Any CPU
		{9EBF8B74-FAA0-49CB-97E3-CEAE0311C92C}.Release|Any CPU.Build.0 = Release|Any CPU
		{4361A4BF-557A-4A8D-AEDE-2AD591ABA155}.Debug|Any CPU.ActiveCfg = Debug|Any CPU
		{4361A4BF-557A-4A8D-AEDE-2AD591ABA155}.Debug|Any CPU.Build.0 = Debug|Any CPU
		{4361A4BF-557A-4A8D-AEDE-2AD591ABA155}.Release|Any CPU.ActiveCfg = Release|Any CPU
		{4361A4BF-557A-4A8D-AEDE-2AD591ABA155}.Release|Any CPU.Build.0 = Release|Any CPU
		{5B68813F-23C2-8DF2-1B1F-9033A2893F62}.Debug|Any CPU.ActiveCfg = Debug|Any CPU
		{5B68813F-23C2-8DF2-1B1F-9033A2893F62}.Debug|Any CPU.Build.0 = Debug|Any CPU
		{5B68813F-23C2-8DF2-1B1F-9033A2893F62}.Release|Any CPU.ActiveCfg = Release|Any CPU
		{5B68813F-23C2-8DF2-1B1F-9033A2893F62}.Release|Any CPU.Build.0 = Release|Any CPU
	EndGlobalSection
	GlobalSection(SolutionProperties) = preSolution
		HideSolutionNode = FALSE
	EndGlobalSection
	GlobalSection(ExtensibilityGlobals) = postSolution
		SolutionGuid = {811D32DD-AC7E-4173-858E-379A35D665AE}
	EndGlobalSection
EndGlobal
